
Microsoft Visual Studio Solution File, Format Version 12.00
# Visual Studio Version 17
VisualStudioVersion = 17.11.35327.3
MinimumVisualStudioVersion = 10.0.40219.1
Project("{8BC9CEB8-8B4A-11D0-8D11-00A0C91BC942}") = "EngineCore", "EngineCore\EngineCore.vcxproj", "{4486A938-0DF3-4C41-BF45-0A09C53223B0}"
EndProject
Project("{8BC9CEB8-8B4A-11D0-8D11-00A0C91BC942}") = "EZEngine", "EZEngine\EZEngine.vcxproj", "{C85C9ED8-63E4-4886-A6E4-9B029D70247C}"
EndProject
Global
	GlobalSection(SolutionConfigurationPlatforms) = preSolution
		Debug|x64 = Debug|x64
		Debug|x86 = Debug|x86
		Release|x64 = Release|x64
		Release|x86 = Release|x86
	EndGlobalSection
	GlobalSection(ProjectConfigurationPlatforms) = postSolution
		{4486A938-0DF3-4C41-BF45-0A09C53223B0}.Debug|x64.ActiveCfg = Debug|x64
		{4486A938-0DF3-4C41-BF45-0A09C53223B0}.Debug|x64.Build.0 = Debug|x64
		{4486A938-0DF3-4C41-BF45-0A09C53223B0}.Debug|x86.ActiveCfg = Debug|Win32
		{4486A938-0DF3-4C41-BF45-0A09C53223B0}.Debug|x86.Build.0 = Debug|Win32
		{4486A938-0DF3-4C41-BF45-0A09C53223B0}.Release|x64.ActiveCfg = Release|x64
		{4486A938-0DF3-4C41-BF45-0A09C53223B0}.Release|x64.Build.0 = Release|x64
		{4486A938-0DF3-4C41-BF45-0A09C53223B0}.Release|x86.ActiveCfg = Release|Win32
		{4486A938-0DF3-4C41-BF45-0A09C53223B0}.Release|x86.Build.0 = Release|Win32
		{C85C9ED8-63E4-4886-A6E4-9B029D70247C}.Debug|x64.ActiveCfg = Debug|x64
		{C85C9ED8-63E4-4886-A6E4-9B029D70247C}.Debug|x64.Build.0 = Debug|x64
		{C85C9ED8-63E4-4886-A6E4-9B029D70247C}.Debug|x86.ActiveCfg = Debug|Win32
		{C85C9ED8-63E4-4886-A6E4-9B029D70247C}.Debug|x86.Build.0 = Debug|Win32
		{C85C9ED8-63E4-4886-A6E4-9B029D70247C}.Release|x64.ActiveCfg = Release|x64
		{C85C9ED8-63E4-4886-A6E4-9B029D70247C}.Release|x64.Build.0 = Release|x64
		{C85C9ED8-63E4-4886-A6E4-9B029D70247C}.Release|x86.ActiveCfg = Release|Win32
		{C85C9ED8-63E4-4886-A6E4-9B029D70247C}.Release|x86.Build.0 = Release|Win32
	EndGlobalSection
	GlobalSection(SolutionProperties) = preSolution
		HideSolutionNode = FALSE
	EndGlobalSection
	GlobalSection(ExtensibilityGlobals) = postSolution
		SolutionGuid = {7F0F1622-3C68-438A-94F6-968DE214A73B}
	EndGlobalSection
EndGlobal
